
Microsoft Visual Studio Solution File, Format Version 12.00
# Visual Studio 15
VisualStudioVersion = 15.0.27004.2010
MinimumVisualStudioVersion = 10.0.40219.1
Project("{FAE04EC0-301F-11D3-BF4B-00C04F79EFBC}") = "ConsoleApp1", "ConsoleApp1\ConsoleApp1.csproj", "{10A84ABE-51C7-4FA9-B39C-9F475A5B6653}"
EndProject
Global
	GlobalSection(SolutionConfigurationPlatforms) = preSolution
		Debug|Any CPU = Debug|Any CPU
		Release|Any CPU = Release|Any CPU
	EndGlobalSection
	GlobalSection(ProjectConfigurationPlatforms) = postSolution
		{10A84ABE-51C7-4FA9-B39C-9F475A5B6653}.Debug|Any CPU.ActiveCfg = Debug|Any CPU
		{10A84ABE-51C7-4FA9-B39C-9F475A5B6653}.Debug|Any CPU.Build.0 = Debug|Any CPU
		{10A84ABE-51C7-4FA9-B39C-9F475A5B6653}.Release|Any CPU.ActiveCfg = Release|Any CPU
		{10A84ABE-51C7-4FA9-B39C-9F475A5B6653}.Release|Any CPU.Build.0 = Release|Any CPU
	EndGlobalSection
	GlobalSection(SolutionProperties) = preSolution
		HideSolutionNode = FALSE
	EndGlobalSection
	GlobalSection(ExtensibilityGlobals) = postSolution
		SolutionGuid = {49883FA3-E66C-4378-B1B1-7636B3DE9290}
	EndGlobalSection
EndGlobal
